
Microsoft Visual Studio Solution File, Format Version 12.00
# Visual Studio Version 16
VisualStudioVersion = 16.0.31129.286
MinimumVisualStudioVersion = 10.0.40219.1
Project("{FAE04EC0-301F-11D3-BF4B-00C04F79EFBC}") = "kelimeOyunu", "kelimeOyunu\kelimeOyunu.csproj", "{7FE0B460-7D39-4C5F-8E84-331127BC7982}"
EndProject
Global
	GlobalSection(SolutionConfigurationPlatforms) = preSolution
		Debug|Any CPU = Debug|Any CPU
		Release|Any CPU = Release|Any CPU
	EndGlobalSection
	GlobalSection(ProjectConfigurationPlatforms) = postSolution
		{7FE0B460-7D39-4C5F-8E84-331127BC7982}.Debug|Any CPU.ActiveCfg = Debug|Any CPU
		{7FE0B460-7D39-4C5F-8E84-331127BC7982}.Debug|Any CPU.Build.0 = Debug|Any CPU
		{7FE0B460-7D39-4C5F-8E84-331127BC7982}.Release|Any CPU.ActiveCfg = Release|Any CPU
		{7FE0B460-7D39-4C5F-8E84-331127BC7982}.Release|Any CPU.Build.0 = Release|Any CPU
	EndGlobalSection
	GlobalSection(SolutionProperties) = preSolution
		HideSolutionNode = FALSE
	EndGlobalSection
	GlobalSection(ExtensibilityGlobals) = postSolution
		SolutionGuid = {2965978C-3BAB-4063-9441-773F9DD80307}
	EndGlobalSection
EndGlobal
